
Microsoft Visual Studio Solution File, Format Version 12.00
# Visual Studio Version 16
VisualStudioVersion = 16.0.30907.101
MinimumVisualStudioVersion = 10.0.40219.1
Project("{FAE04EC0-301F-11D3-BF4B-00C04F79EFBC}") = "UltraLock.Server", "UltraLock.Server\UltraLock.Server.csproj", "{7A9AF2B9-58A8-42A8-BAE7-33CD9294F428}"
EndProject
Global
	GlobalSection(SolutionConfigurationPlatforms) = preSolution
		Debug|Any CPU = Debug|Any CPU
		Release|Any CPU = Release|Any CPU
	EndGlobalSection
	GlobalSection(ProjectConfigurationPlatforms) = postSolution
		{7A9AF2B9-58A8-42A8-BAE7-33CD9294F428}.Debug|Any CPU.ActiveCfg = Debug|Any CPU
		{7A9AF2B9-58A8-42A8-BAE7-33CD9294F428}.Debug|Any CPU.Build.0 = Debug|Any CPU
		{7A9AF2B9-58A8-42A8-BAE7-33CD9294F428}.Release|Any CPU.ActiveCfg = Release|Any CPU
		{7A9AF2B9-58A8-42A8-BAE7-33CD9294F428}.Release|Any CPU.Build.0 = Release|Any CPU
	EndGlobalSection
	GlobalSection(SolutionProperties) = preSolution
		HideSolutionNode = FALSE
	EndGlobalSection
	GlobalSection(ExtensibilityGlobals) = postSolution
		SolutionGuid = {3C835E98-F4BC-4715-8F12-6E82FE215FCE}
	EndGlobalSection
EndGlobal
